{
  "name": "Description-data-generator",
  "lockfileVersion": 2,
  "requires": true,
  "packages": {
    "": {
      "dependencies": {
        "@icemourne/description-converter": "^1.0.40",
        "@icemourne/tool-box": "^1.0.43",
        "lodash": "^4.17.21"
      },
      "devDependencies": {
        "@types/lodash": "^4.14.191",
        "@types/node": "^18.11.18",
        "typescript": "^4.9.4"
      }
    },
    "node_modules/@icemourne/description-converter": {
      "version": "1.0.40",
      "resolved": "https://registry.npmjs.org/@icemourne/description-converter/-/description-converter-1.0.40.tgz",
      "integrity": "sha512-XFzQ5YqQmT1Fgz4pBu/zJ3kexIVyYrshQ7sB3ZtlKTyYmAx2cXuR21CDdX/FXvU2d67JJ7SGiy6sjufZ/tE1gg==",
      "dependencies": {
        "@icemourne/description-converter": "^1.0.39",
        "@icemourne/tool-box": "^1.0.36",
        "lodash": "^4.17.21"
      }
    },
    "node_modules/@icemourne/tool-box": {
      "version": "1.0.43",
      "resolved": "https://registry.npmjs.org/@icemourne/tool-box/-/tool-box-1.0.43.tgz",
      "integrity": "sha512-IVPasa6ddbYMCfo6b++LvuKIckNlkeJZhY/LoY5MLOQJXg8omoWxyAfvC1/MllEZXwzdAFvRnjH92CK7j2KCtg==",
      "dependencies": {
        "idb-keyval": "^6.2.1",
        "lodash": "^4.17.21"
      }
    },
    "node_modules/@types/lodash": {
      "version": "4.14.191",
      "resolved": "https://registry.npmjs.org/@types/lodash/-/lodash-4.14.191.tgz",
      "integrity": "sha512-BdZ5BCCvho3EIXw6wUCXHe7rS53AIDPLE+JzwgT+OsJk53oBfbSmZZ7CX4VaRoN78N+TJpFi9QPlfIVNmJYWxQ==",
      "dev": true
    },
    "node_modules/@types/node": {
      "version": "18.11.18",
      "resolved": "https://registry.npmjs.org/@types/node/-/node-18.11.18.tgz",
      "integrity": "sha512-DHQpWGjyQKSHj3ebjFI/wRKcqQcdR+MoFBygntYOZytCqNfkd2ZC4ARDJ2DQqhjH5p85Nnd3jhUJIXrszFX/JA==",
      "dev": true
    },
    "node_modules/idb-keyval": {
      "version": "6.2.1",
      "resolved": "https://registry.npmjs.org/idb-keyval/-/idb-keyval-6.2.1.tgz",
      "integrity": "sha512-8Sb3veuYCyrZL+VBt9LJfZjLUPWVvqn8tG28VqYNFCo43KHcKuq+b4EiXGeuaLAQWL2YmyDgMp2aSpH9JHsEQg=="
    },
    "node_modules/lodash": {
      "version": "4.17.21",
      "resolved": "https://registry.npmjs.org/lodash/-/lodash-4.17.21.tgz",
      "integrity": "sha512-v2kDEe57lecTulaDIuNTPy3Ry4gLGJ6Z1O3vE1krgXZNrsQ+LFTGHVxVjcXPs17LhbZVGedAJv8XZ1tvj5FvSg=="
    },
    "node_modules/typescript": {
      "version": "4.9.4",
      "resolved": "https://registry.npmjs.org/typescript/-/typescript-4.9.4.tgz",
      "integrity": "sha512-Uz+dTXYzxXXbsFpM86Wh3dKCxrQqUcVMxwU54orwlJjOpO3ao8L7j5lH+dWfTwgCwIuM9GQ2kvVotzYJMXTBZg==",
      "dev": true,
      "bin": {
        "tsc": "bin/tsc",
        "tsserver": "bin/tsserver"
      },
      "engines": {
        "node": ">=4.2.0"
      }
    }
  },
  "dependencies": {
    "@icemourne/description-converter": {
      "version": "1.0.40",
      "resolved": "https://registry.npmjs.org/@icemourne/description-converter/-/description-converter-1.0.40.tgz",
      "integrity": "sha512-XFzQ5YqQmT1Fgz4pBu/zJ3kexIVyYrshQ7sB3ZtlKTyYmAx2cXuR21CDdX/FXvU2d67JJ7SGiy6sjufZ/tE1gg==",
      "requires": {
        "@icemourne/description-converter": "^1.0.39",
        "@icemourne/tool-box": "^1.0.36",
        "lodash": "^4.17.21"
      }
    },
    "@icemourne/tool-box": {
      "version": "1.0.43",
      "resolved": "https://registry.npmjs.org/@icemourne/tool-box/-/tool-box-1.0.43.tgz",
      "integrity": "sha512-IVPasa6ddbYMCfo6b++LvuKIckNlkeJZhY/LoY5MLOQJXg8omoWxyAfvC1/MllEZXwzdAFvRnjH92CK7j2KCtg==",
      "requires": {
        "idb-keyval": "^6.2.1",
        "lodash": "^4.17.21"
      }
    },
    "@types/lodash": {
      "version": "4.14.191",
      "resolved": "https://registry.npmjs.org/@types/lodash/-/lodash-4.14.191.tgz",
      "integrity": "sha512-BdZ5BCCvho3EIXw6wUCXHe7rS53AIDPLE+JzwgT+OsJk53oBfbSmZZ7CX4VaRoN78N+TJpFi9QPlfIVNmJYWxQ==",
      "dev": true
    },
    "@types/node": {
      "version": "18.11.18",
      "resolved": "https://registry.npmjs.org/@types/node/-/node-18.11.18.tgz",
      "integrity": "sha512-DHQpWGjyQKSHj3ebjFI/wRKcqQcdR+MoFBygntYOZytCqNfkd2ZC4ARDJ2DQqhjH5p85Nnd3jhUJIXrszFX/JA==",
      "dev": true
    },
    "idb-keyval": {
      "version": "6.2.1",
      "resolved": "https://registry.npmjs.org/idb-keyval/-/idb-keyval-6.2.1.tgz",
      "integrity": "sha512-8Sb3veuYCyrZL+VBt9LJfZjLUPWVvqn8tG28VqYNFCo43KHcKuq+b4EiXGeuaLAQWL2YmyDgMp2aSpH9JHsEQg=="
    },
    "lodash": {
      "version": "4.17.21",
      "resolved": "https://registry.npmjs.org/lodash/-/lodash-4.17.21.tgz",
      "integrity": "sha512-v2kDEe57lecTulaDIuNTPy3Ry4gLGJ6Z1O3vE1krgXZNrsQ+LFTGHVxVjcXPs17LhbZVGedAJv8XZ1tvj5FvSg=="
    },
    "typescript": {
      "version": "4.9.4",
      "resolved": "https://registry.npmjs.org/typescript/-/typescript-4.9.4.tgz",
      "integrity": "sha512-Uz+dTXYzxXXbsFpM86Wh3dKCxrQqUcVMxwU54orwlJjOpO3ao8L7j5lH+dWfTwgCwIuM9GQ2kvVotzYJMXTBZg==",
      "dev": true
    }
  }
}
